{"1.1.0",
[{<<"ctx">>,{pkg,<<"ctx">>,<<"0.4.0">>},0},
 {<<"rfc3339">>,{pkg,<<"rfc3339">>,<<"0.9.0">>},1},
 {<<"wts">>,{pkg,<<"wts">>,<<"0.3.0">>},0}]}.
[
{pkg_hash,[
 {<<"ctx">>, <<"36D65106786CC789C9E8A407019C9B87303EA56D18C58763ABD98D6097B0B489">>},
 {<<"rfc3339">>, <<"2075653DC9407541C84B1E15F8BDA2ABE95FB17C9694025E079583F2D19C1060">>},
 {<<"wts">>, <<"5CDF22C775CB1EBAE24C326A5DB6074D753C42F4BD12A9AA47CC62D3E2C71AD1">>}]}
].
