{"1.1.0",
[{<<"counters">>,{pkg,<<"counters">>,<<"0.1.0">>},0},
 {<<"ctx">>,{pkg,<<"ctx">>,<<"0.4.1">>},0},
 {<<"jsx">>,{pkg,<<"jsx">>,<<"2.9.0">>},0},
 {<<"rfc3339">>,{pkg,<<"rfc3339">>,<<"0.9.0">>},1},
 {<<"wts">>,{pkg,<<"wts">>,<<"0.3.0">>},0}]}.
[
{pkg_hash,[
 {<<"counters">>, <<"AA4CB1B051B583DCDF5519AB96AE586F737421ED46F1582AA4C1E485D07E7DB6">>},
 {<<"ctx">>, <<"E4297DD25CCDE992BC7DE298F514BEACD0A44FAA9126A1F2567306D94C519A13">>},
 {<<"jsx">>, <<"D2F6E5F069C00266CAD52FB15D87C428579EA4D7D73A33669E12679E203329DD">>},
 {<<"rfc3339">>, <<"2075653DC9407541C84B1E15F8BDA2ABE95FB17C9694025E079583F2D19C1060">>},
 {<<"wts">>, <<"5CDF22C775CB1EBAE24C326A5DB6074D753C42F4BD12A9AA47CC62D3E2C71AD1">>}]}
].
