{"1.2.0",
[{<<"counters">>,{pkg,<<"counters">>,<<"0.2.1">>},0},
 {<<"ctx">>,{pkg,<<"ctx">>,<<"0.5.0">>},0},
 {<<"rfc3339">>,{pkg,<<"rfc3339">>,<<"0.9.0">>},1},
 {<<"wts">>,{pkg,<<"wts">>,<<"0.3.0">>},0}]}.
[
{pkg_hash,[
 {<<"counters">>, <<"AA3D97E88F92573488987193D0F48EFCE0F3B2CD1443BF4EE760BC7F99322F0C">>},
 {<<"ctx">>, <<"78E0F16712E12D707A7F34277381B8E193D7C71EAA24D37330DC02477C09EDA5">>},
 {<<"rfc3339">>, <<"2075653DC9407541C84B1E15F8BDA2ABE95FB17C9694025E079583F2D19C1060">>},
 {<<"wts">>, <<"5CDF22C775CB1EBAE24C326A5DB6074D753C42F4BD12A9AA47CC62D3E2C71AD1">>}]},
{pkg_hash_ext,[
 {<<"counters">>, <<"A020C714992F7DB89178D27E1F39909E5D77DA3B80DAA4D6015877ED0C94B8AB">>},
 {<<"ctx">>, <<"52554D80F9D93B3F82DBA8E1776E8EA87B0D6218AE94BA0F73D61AD1579AED08">>},
 {<<"rfc3339">>, <<"182314DE35C9F4180B22EB5F22916D8D7A799C1109A060C752970273A9332AD6">>},
 {<<"wts">>, <<"97E2C65F17BCD488FCBE0B7073296FEE7A6AFCFA837C8ED10FB15E65A8713F02">>}]}
].
